
Microsoft Visual Studio Solution File, Format Version 12.00
# Visual Studio Version 17
VisualStudioVersion = 17.14.36518.9 d17.14
MinimumVisualStudioVersion = 10.0.40219.1
Project("{FAE04EC0-301F-11D3-BF4B-00C04F79EFBC}") = "PTS", "PTS.csproj", "{15C1A958-09B7-408D-B372-BA8AE3C1EFE5}"
EndProject
Global
	GlobalSection(SolutionConfigurationPlatforms) = preSolution
		Debug|Any CPU = Debug|Any CPU
		Release|Any CPU = Release|Any CPU
	EndGlobalSection
	GlobalSection(ProjectConfigurationPlatforms) = postSolution
		{15C1A958-09B7-408D-B372-BA8AE3C1EFE5}.Debug|Any CPU.ActiveCfg = Debug|Any CPU
		{15C1A958-09B7-408D-B372-BA8AE3C1EFE5}.Debug|Any CPU.Build.0 = Debug|Any CPU
		{15C1A958-09B7-408D-B372-BA8AE3C1EFE5}.Release|Any CPU.ActiveCfg = Release|Any CPU
		{15C1A958-09B7-408D-B372-BA8AE3C1EFE5}.Release|Any CPU.Build.0 = Release|Any CPU
	EndGlobalSection
	GlobalSection(SolutionProperties) = preSolution
		HideSolutionNode = FALSE
	EndGlobalSection
	GlobalSection(ExtensibilityGlobals) = postSolution
		SolutionGuid = {22BAEB6E-F957-4476-B211-0C78BB8E849B}
	EndGlobalSection
EndGlobal
